<?xml version="1.0" encoding="UTF-8"?>
<Scheme LastUpgradeVersion="1600" version="1.7">
   <BuildAction parallelizeBuildables="YES" buildImplicitDependencies="YES">
      <BuildActionEntries>
         <BuildActionEntry buildForTesting="YES" buildForRunning="YES" buildForProfiling="YES" buildForArchiving="YES" buildForAnalyzing="YES">
            <BuildableReference BuildableIdentifier="primary"
               BlueprintIdentifier="41D3474D2F8E440700789125"
               BuildableName="BusGasteiz.app"
               BlueprintName="BusGasteiz"
               ReferencedContainer="container:BusGasteiz.xcodeproj">
            </BuildableReference>
         </BuildActionEntry>
         <BuildActionEntry buildForTesting="YES" buildForRunning="NO" buildForProfiling="NO" buildForArchiving="NO" buildForAnalyzing="NO">
            <BuildableReference BuildableIdentifier="primary"
               BlueprintIdentifier="41D3475A2F8E440900789125"
               BuildableName="BusGasteizTests.xctest"
               BlueprintName="BusGasteizTests"
               ReferencedContainer="container:BusGasteiz.xcodeproj">
            </BuildableReference>
         </BuildActionEntry>
         <BuildActionEntry buildForTesting="YES" buildForRunning="NO" buildForProfiling="NO" buildForArchiving="NO" buildForAnalyzing="NO">
            <BuildableReference BuildableIdentifier="primary"
               BlueprintIdentifier="41D347642F8E440900789125"
               BuildableName="BusGasteizUITests.xctest"
               BlueprintName="BusGasteizUITests"
               ReferencedContainer="container:BusGasteiz.xcodeproj">
            </BuildableReference>
         </BuildActionEntry>
      </BuildActionEntries>
   </BuildAction>
   <TestAction buildConfiguration="Debug" selectedDebuggerIdentifier="Xcode.DebuggerFoundation.Debugger.LLDB" selectedLauncherIdentifier="Xcode.DebuggerFoundation.Launcher.LLDB" shouldUseLaunchSchemeArgsEnv="YES">
      <DestinationList>
         <TestDestination>
            <DestinationAttributes>
               <Key>platform</Key>
               <Value>iOS Simulator</Value>
            </DestinationAttributes>
            <DestinationAttributes>
               <Key>id</Key>
               <Value>88517CD1-7966-43CF-9990-6E7D4AFA2C8C</Value>
            </DestinationAttributes>
            <DestinationAttributes>
               <Key>name</Key>
               <Value>iPhone 17 Pro Mark (es)</Value>
            </DestinationAttributes>
         </TestDestination>
         <TestDestination>
            <DestinationAttributes>
               <Key>platform</Key>
               <Value>iOS Simulator</Value>
            </DestinationAttributes>
            <DestinationAttributes>
               <Key>id</Key>
               <Value>F8AA9F98-D872-424A-85C9-36C73449346A</Value>
            </DestinationAttributes>
            <DestinationAttributes>
               <Key>name</Key>
               <Value>iPhone X</Value>
            </DestinationAttributes>
         </TestDestination>
      </DestinationList>
      <Testables>
         <TestableReference skipped="NO">
            <BuildableReference BuildableIdentifier="primary"
               BlueprintIdentifier="41D3475A2F8E440900789125"
               BuildableName="BusGasteizTests.xctest"
               BlueprintName="BusGasteizTests"
               ReferencedContainer="container:BusGasteiz.xcodeproj">
            </BuildableReference>
         </TestableReference>
         <TestableReference skipped="NO">
            <BuildableReference BuildableIdentifier="primary"
               BlueprintIdentifier="41D347642F8E440900789125"
               BuildableName="BusGasteizUITests.xctest"
               BlueprintName="BusGasteizUITests"
               ReferencedContainer="container:BusGasteiz.xcodeproj">
            </BuildableReference>
         </TestableReference>
      </Testables>
   </TestAction>
   <LaunchAction buildConfiguration="Debug" selectedDebuggerIdentifier="Xcode.DebuggerFoundation.Debugger.LLDB" selectedLauncherIdentifier="Xcode.DebuggerFoundation.Launcher.LLDB" launchStyle="0" useCustomWorkingDirectory="NO" ignoresPersistentStateOnLaunch="NO" debugDocumentVersioning="YES" debugServiceExtension="internal" allowLocationSimulation="YES">
      <BuildableProductRunnable runnableDebuggingMode="0">
         <BuildableReference BuildableIdentifier="primary"
            BlueprintIdentifier="41D3474D2F8E440700789125"
            BuildableName="BusGasteiz.app"
            BlueprintName="BusGasteiz"
            ReferencedContainer="container:BusGasteiz.xcodeproj">
         </BuildableReference>
      </BuildableProductRunnable>
   </LaunchAction>
   <ProfileAction buildConfiguration="Release" shouldUseLaunchSchemeArgsEnv="YES" savedToolIdentifier="" useCustomWorkingDirectory="NO" debugDocumentVersioning="YES">
      <BuildableProductRunnable runnableDebuggingMode="0">
         <BuildableReference BuildableIdentifier="primary"
            BlueprintIdentifier="41D3474D2F8E440700789125"
            BuildableName="BusGasteiz.app"
            BlueprintName="BusGasteiz"
            ReferencedContainer="container:BusGasteiz.xcodeproj">
         </BuildableReference>
      </BuildableProductRunnable>
   </ProfileAction>
   <AnalyzeAction buildConfiguration="Debug"/>
   <ArchiveAction buildConfiguration="Release" revealArchiveInOrganizer="YES"/>
</Scheme>
